
Microsoft Visual Studio Solution File, Format Version 12.00
# Visual Studio Version 17
VisualStudioVersion = 17.13.35931.197
MinimumVisualStudioVersion = 10.0.40219.1
Project("{FAE04EC0-301F-11D3-BF4B-00C04F79EFBC}") = "Services.API.Library", "Services.API.Library\Services.API.Library.csproj", "{D066F78E-DA71-43F6-800C-609173CADEB3}"
EndProject
Project("{2150E333-8FDC-42A3-9474-1A3956D46DE8}") = "Solution Items", "Solution Items", "{02EA681E-C7D8-13C7-8484-4AC65E1B71E8}"
	ProjectSection(SolutionItems) = preProject
		.editorconfig = .editorconfig
		..\.gitignore = ..\.gitignore
		..\docker-compose.yml = ..\docker-compose.yml
		..\init-mongo.js = ..\init-mongo.js
		..\LICENSE = ..\LICENSE
		..\README.md = ..\README.md
	EndProjectSection
EndProject
Project("{FAE04EC0-301F-11D3-BF4B-00C04F79EFBC}") = "Services.API.Security", "Services.API.Security\Services.API.Security.csproj", "{32581940-A75E-4709-8F30-8A258AD72E19}"
EndProject
Project("{FAE04EC0-301F-11D3-BF4B-00C04F79EFBC}") = "Services.API.Gateway", "Services.API.Gateway\Services.API.Gateway.csproj", "{7B4F39C5-B313-4D47-8EA5-A57D3D4B360A}"
EndProject
Global
	GlobalSection(SolutionConfigurationPlatforms) = preSolution
		Debug|Any CPU = Debug|Any CPU
		Release|Any CPU = Release|Any CPU
	EndGlobalSection
	GlobalSection(ProjectConfigurationPlatforms) = postSolution
		{D066F78E-DA71-43F6-800C-609173CADEB3}.Debug|Any CPU.ActiveCfg = Debug|Any CPU
		{D066F78E-DA71-43F6-800C-609173CADEB3}.Debug|Any CPU.Build.0 = Debug|Any CPU
		{D066F78E-DA71-43F6-800C-609173CADEB3}.Release|Any CPU.ActiveCfg = Release|Any CPU
		{D066F78E-DA71-43F6-800C-609173CADEB3}.Release|Any CPU.Build.0 = Release|Any CPU
		{32581940-A75E-4709-8F30-8A258AD72E19}.Debug|Any CPU.ActiveCfg = Debug|Any CPU
		{32581940-A75E-4709-8F30-8A258AD72E19}.Debug|Any CPU.Build.0 = Debug|Any CPU
		{32581940-A75E-4709-8F30-8A258AD72E19}.Release|Any CPU.ActiveCfg = Release|Any CPU
		{32581940-A75E-4709-8F30-8A258AD72E19}.Release|Any CPU.Build.0 = Release|Any CPU
		{7B4F39C5-B313-4D47-8EA5-A57D3D4B360A}.Debug|Any CPU.ActiveCfg = Debug|Any CPU
		{7B4F39C5-B313-4D47-8EA5-A57D3D4B360A}.Debug|Any CPU.Build.0 = Debug|Any CPU
		{7B4F39C5-B313-4D47-8EA5-A57D3D4B360A}.Release|Any CPU.ActiveCfg = Release|Any CPU
		{7B4F39C5-B313-4D47-8EA5-A57D3D4B360A}.Release|Any CPU.Build.0 = Release|Any CPU
	EndGlobalSection
	GlobalSection(SolutionProperties) = preSolution
		HideSolutionNode = FALSE
	EndGlobalSection
	GlobalSection(ExtensibilityGlobals) = postSolution
		SolutionGuid = {6BE84B35-2305-4246-9D33-5525BAE98939}
	EndGlobalSection
EndGlobal
